
Microsoft Visual Studio Solution File, Format Version 12.00
Project("{FAE04EC0-301F-11D3-BF4B-00C04F79EFBC}") = "dars_9", "dars_9\dars_9.csproj", "{2FF65E47-C830-415D-A359-E8DB3FD20225}"
EndProject
Global
	GlobalSection(SolutionConfigurationPlatforms) = preSolution
		Debug|Any CPU = Debug|Any CPU
		Release|Any CPU = Release|Any CPU
	EndGlobalSection
	GlobalSection(ProjectConfigurationPlatforms) = postSolution
		{2FF65E47-C830-415D-A359-E8DB3FD20225}.Debug|Any CPU.ActiveCfg = Debug|Any CPU
		{2FF65E47-C830-415D-A359-E8DB3FD20225}.Debug|Any CPU.Build.0 = Debug|Any CPU
		{2FF65E47-C830-415D-A359-E8DB3FD20225}.Release|Any CPU.ActiveCfg = Release|Any CPU
		{2FF65E47-C830-415D-A359-E8DB3FD20225}.Release|Any CPU.Build.0 = Release|Any CPU
	EndGlobalSection
EndGlobal
